// !$*UTF8*$!
{
	archiveVersion = 1;
	classes = {
	};
	objectVersion = 46;
	objects = {

/* Begin PBXBuildFile section */
		1B78B99C1F40A47C001739B6 /* playsoundsviewcontroller-audio.swift in Sources */ = {isa = PBXBuildFile; fileRef = 1B78B99B1F40A47C001739B6 /* playsoundsviewcontroller-audio.swift */; };
		5E1FA00FC0112D19E8ACAF03 /* AppDelegate.swift in Sources */ = {isa = PBXBuildFile; fileRef = 5E1FACE2F33876E5A901B0CD /* AppDelegate.swift */; };
		5E1FA1BF50162443F8A32D4B /* LaunchScreen.storyboard in Resources */ = {isa = PBXBuildFile; fileRef = 5E1FA681263E643E2A6DF5D7 /* LaunchScreen.storyboard */; };
		5E1FA30D593992ABB73ADC3D /* Assets.xcassets in Resources */ = {isa = PBXBuildFile; fileRef = 5E1FA4BF50940F4C6970D3F2 /* Assets.xcassets */; };
		5E1FA7B2B132DA1415B2548E /* RecordSoundViewController.swift in Sources */ = {isa = PBXBuildFile; fileRef = 5E1FAB5C7463B4520E2D032E /* RecordSoundViewController.swift */; };
		5E1FA7EC1171A77DCDC6A07D /* playsoundsviewcontroller.swift in Sources */ = {isa = PBXBuildFile; fileRef = 5E1FA8C762DD1B5C057085CE /* playsoundsviewcontroller.swift */; };
		5E1FA88293CFC96A13DFBFB3 /* Main.storyboard in Resources */ = {isa = PBXBuildFile; fileRef = 5E1FADE8A1704DC12B528736 /* Main.storyboard */; };
/* End PBXBuildFile section */

/* Begin PBXFileReference section */
		1B78B99B1F40A47C001739B6 /* playsoundsviewcontroller-audio.swift */ = {isa = PBXFileReference; fileEncoding = 4; lastKnownFileType = sourcecode.swift; path = "playsoundsviewcontroller-audio.swift"; sourceTree = "<group>"; };
		5E1FA4BF50940F4C6970D3F2 /* Assets.xcassets */ = {isa = PBXFileReference; lastKnownFileType = folder.assetcatalog; path = Assets.xcassets; sourceTree = "<group>"; };
		5E1FA6587FC9C0E07D811CA0 /* appSix.app */ = {isa = PBXFileReference; explicitFileType = wrapper.application; includeInIndex = 0; path = appSix.app; sourceTree = BUILT_PRODUCTS_DIR; };
		5E1FA7B1E217C6649D978318 /* Base */ = {isa = PBXFileReference; lastKnownFileType = file.storyboard; name = Base; path = Base.lproj/Main.storyboard; sourceTree = "<group>"; };
		5E1FA88B04E66A6646187CFE /* Info.plist */ = {isa = PBXFileReference; lastKnownFileType = text.plist.info; path = Info.plist; sourceTree = "<group>"; };
		5E1FA8C762DD1B5C057085CE /* playsoundsviewcontroller.swift */ = {isa = PBXFileReference; fileEncoding = 4; lastKnownFileType = sourcecode.swift; path = playsoundsviewcontroller.swift; sourceTree = "<group>"; };
		5E1FAB5C7463B4520E2D032E /* RecordSoundViewController.swift */ = {isa = PBXFileReference; fileEncoding = 4; lastKnownFileType = sourcecode.swift; path = RecordSoundViewController.swift; sourceTree = "<group>"; };
		5E1FACE2F33876E5A901B0CD /* AppDelegate.swift */ = {isa = PBXFileReference; lastKnownFileType = sourcecode.swift; path = AppDelegate.swift; sourceTree = "<group>"; };
		5E1FAD98F8D5ABABA0F3E258 /* Base */ = {isa = PBXFileReference; lastKnownFileType = file.storyboard; name = Base; path = Base.lproj/LaunchScreen.storyboard; sourceTree = "<group>"; };
/* End PBXFileReference section */

/* Begin PBXFrameworksBuildPhase section */
		5E1FA0F888A95A2732E31B60 /* Frameworks */ = {
			isa = PBXFrameworksBuildPhase;
			buildActionMask = 2147483647;
			files = (
			);
			runOnlyForDeploymentPostprocessing = 0;
		};
/* End PBXFrameworksBuildPhase section */

/* Begin PBXGroup section */
		5E1FA42FD5D6362E4D9B65A4 = {
			isa = PBXGroup;
			children = (
				5E1FA7EF57BDE7AB46A94953 /* Products */,
				5E1FACDA43F9657FC27CBC68 /* appSix */,
			);
			sourceTree = "<group>";
		};
		5E1FA7EF57BDE7AB46A94953 /* Products */ = {
			isa = PBXGroup;
			children = (
				5E1FA6587FC9C0E07D811CA0 /* appSix.app */,
			);
			name = Products;
			sourceTree = "<group>";
		};
		5E1FACDA43F9657FC27CBC68 /* appSix */ = {
			isa = PBXGroup;
			children = (
				5E1FA88B04E66A6646187CFE /* Info.plist */,
				5E1FA4BF50940F4C6970D3F2 /* Assets.xcassets */,
				5E1FA681263E643E2A6DF5D7 /* LaunchScreen.storyboard */,
				5E1FACE2F33876E5A901B0CD /* AppDelegate.swift */,
				5E1FADE8A1704DC12B528736 /* Main.storyboard */,
				5E1FAB5C7463B4520E2D032E /* RecordSoundViewController.swift */,
				5E1FA8C762DD1B5C057085CE /* playsoundsviewcontroller.swift */,
				1B78B99B1F40A47C001739B6 /* playsoundsviewcontroller-audio.swift */,
			);
			path = appSix;
			sourceTree = "<group>";
		};
/* End PBXGroup section */

/* Begin PBXNativeTarget section */
		5E1FA9761C1B52EE3E76199E /* appSix */ = {
			isa = PBXNativeTarget;
			buildConfigurationList = 5E1FAD0F3D9BFE68475CC6AF /* Build configuration list for PBXNativeTarget "appSix" */;
			buildPhases = (
				5E1FA6B599C8B164FBD13498 /* Sources */,
				5E1FA0F888A95A2732E31B60 /* Frameworks */,
				5E1FA934A9DB34F5A2F9C240 /* Resources */,
			);
			buildRules = (
			);
			dependencies = (
			);
			name = appSix;
			productName = appSix;
			productReference = 5E1FA6587FC9C0E07D811CA0 /* appSix.app */;
			productType = "com.apple.product-type.application";
		};
/* End PBXNativeTarget section */

/* Begin PBXProject section */
		5E1FAFC6DC0E3C2A6681CD23 /* Project object */ = {
			isa = PBXProject;
			attributes = {
				ORGANIZATIONNAME = "___navarrocantero___";
			};
			buildConfigurationList = 5E1FA672ACAD34FC4F88ADE9 /* Build configuration list for PBXProject "appSix" */;
			compatibilityVersion = "Xcode 3.2";
			developmentRegion = English;
			hasScannedForEncodings = 0;
			knownRegions = (
				en,
			);
			mainGroup = 5E1FA42FD5D6362E4D9B65A4;
			productRefGroup = 5E1FA7EF57BDE7AB46A94953 /* Products */;
			projectDirPath = "";
			projectRoot = "";
			targets = (
				5E1FA9761C1B52EE3E76199E /* appSix */,
			);
		};
/* End PBXProject section */

/* Begin PBXResourcesBuildPhase section */
		5E1FA934A9DB34F5A2F9C240 /* Resources */ = {
			isa = PBXResourcesBuildPhase;
			buildActionMask = 2147483647;
			files = (
				5E1FA30D593992ABB73ADC3D /* Assets.xcassets in Resources */,
				5E1FA1BF50162443F8A32D4B /* LaunchScreen.storyboard in Resources */,
				5E1FA88293CFC96A13DFBFB3 /* Main.storyboard in Resources */,
			);
			runOnlyForDeploymentPostprocessing = 0;
		};
/* End PBXResourcesBuildPhase section */

/* Begin PBXSourcesBuildPhase section */
		5E1FA6B599C8B164FBD13498 /* Sources */ = {
			isa = PBXSourcesBuildPhase;
			buildActionMask = 2147483647;
			files = (
				5E1FA00FC0112D19E8ACAF03 /* AppDelegate.swift in Sources */,
				5E1FA7B2B132DA1415B2548E /* RecordSoundViewController.swift in Sources */,
				5E1FA7EC1171A77DCDC6A07D /* playsoundsviewcontroller.swift in Sources */,
				1B78B99C1F40A47C001739B6 /* playsoundsviewcontroller-audio.swift in Sources */,
			);
			runOnlyForDeploymentPostprocessing = 0;
		};
/* End PBXSourcesBuildPhase section */

/* Begin PBXVariantGroup section */
		5E1FA681263E643E2A6DF5D7 /* LaunchScreen.storyboard */ = {
			isa = PBXVariantGroup;
			children = (
				5E1FAD98F8D5ABABA0F3E258 /* Base */,
			);
			name = LaunchScreen.storyboard;
			sourceTree = "<group>";
		};
		5E1FADE8A1704DC12B528736 /* Main.storyboard */ = {
			isa = PBXVariantGroup;
			children = (
				5E1FA7B1E217C6649D978318 /* Base */,
			);
			name = Main.storyboard;
			sourceTree = "<group>";
		};
/* End PBXVariantGroup section */

/* Begin XCBuildConfiguration section */
		5E1FA1C1EB6852988381BBF8 /* Release */ = {
			isa = XCBuildConfiguration;
			buildSettings = {
				ASSETCATALOG_COMPILER_APPICON_NAME = AppIcon;
				INFOPLIST_FILE = appSix/Info.plist;
				LD_RUNPATH_SEARCH_PATHS = "$(inherited) @executable_path/Frameworks";
				PRODUCT_BUNDLE_IDENTIFIER = janc.appSix;
				PRODUCT_NAME = "$(TARGET_NAME)";
				SWIFT_VERSION = 3.1;
			};
			name = Release;
		};
		5E1FA44E04488C61683AED22 /* Release */ = {
			isa = XCBuildConfiguration;
			buildSettings = {
				ALWAYS_SEARCH_USER_PATHS = NO;
				CLANG_ANALYZER_NONNULL = YES;
				CLANG_ANALYZER_NUMBER_OBJECT_CONVERSION = YES_AGGRESSIVE;
				CLANG_CXX_LANGUAGE_STANDARD = "gnu++0x";
				CLANG_CXX_LIBRARY = "libc++";
				CLANG_ENABLE_MODULES = YES;
				CLANG_ENABLE_OBJC_ARC = YES;
				CLANG_WARN_BOOL_CONVERSION = YES;
				CLANG_WARN_CONSTANT_CONVERSION = YES;
				CLANG_WARN_DIRECT_OBJC_ISA_USAGE = YES_ERROR;
				CLANG_WARN_DOCUMENTATION_COMMENTS = YES;
				CLANG_WARN_EMPTY_BODY = YES;
				CLANG_WARN_ENUM_CONVERSION = YES;
				CLANG_WARN_INFINITE_RECURSION = YES;
				CLANG_WARN_INT_CONVERSION = YES;
				CLANG_WARN_OBJC_ROOT_CLASS = YES_ERROR;
				CLANG_WARN_SUSPICIOUS_MOVE = YES;
				CLANG_WARN_UNREACHABLE_CODE = YES;
				CLANG_WARN__DUPLICATE_METHOD_MATCH = YES;
				"CODE_SIGN_IDENTITY[sdk=iphoneos*]" = "iPhone Developer";
				COPY_PHASE_STRIP = NO;
				DEBUG_INFORMATION_FORMAT = "dwarf-with-dsym";
				ENABLE_NS_ASSERTIONS = NO;
				ENABLE_STRICT_OBJC_MSGSEND = YES;
				GCC_C_LANGUAGE_STANDARD = gnu99;
				GCC_NO_COMMON_BLOCKS = YES;
				GCC_WARN_64_TO_32_BIT_CONVERSION = YES;
				GCC_WARN_ABOUT_RETURN_TYPE = YES_ERROR;
				GCC_WARN_UNDECLARED_SELECTOR = YES;
				GCC_WARN_UNINITIALIZED_AUTOS = YES_AGGRESSIVE;
				GCC_WARN_UNUSED_FUNCTION = YES;
				GCC_WARN_UNUSED_VARIABLE = YES;
				IPHONEOS_DEPLOYMENT_TARGET = 10.3;
				MTL_ENABLE_DEBUG_INFO = NO;
				SDKROOT = iphoneos;
				SWIFT_OPTIMIZATION_LEVEL = "-Owholemodule";
				TARGETED_DEVICE_FAMILY = "1,2";
				VALIDATE_PRODUCT = YES;
			};
			name = Release;
		};
		5E1FA99EB777809DA63ED7AA /* Debug */ = {
			isa = XCBuildConfiguration;
			buildSettings = {
				ALWAYS_SEARCH_USER_PATHS = NO;
				CLANG_ANALYZER_NONNULL = YES;
				CLANG_ANALYZER_NUMBER_OBJECT_CONVERSION = YES_AGGRESSIVE;
				CLANG_CXX_LANGUAGE_STANDARD = "gnu++0x";
				CLANG_CXX_LIBRARY = "libc++";
				CLANG_ENABLE_MODULES = YES;
				CLANG_ENABLE_OBJC_ARC = YES;
				CLANG_WARN_BOOL_CONVERSION = YES;
				CLANG_WARN_CONSTANT_CONVERSION = YES;
				CLANG_WARN_DIRECT_OBJC_ISA_USAGE = YES_ERROR;
				CLANG_WARN_DOCUMENTATION_COMMENTS = YES;
				CLANG_WARN_EMPTY_BODY = YES;
				CLANG_WARN_ENUM_CONVERSION = YES;
				CLANG_WARN_INFINITE_RECURSION = YES;
				CLANG_WARN_INT_CONVERSION = YES;
				CLANG_WARN_OBJC_ROOT_CLASS = YES_ERROR;
				CLANG_WARN_SUSPICIOUS_MOVE = YES;
				CLANG_WARN_UNREACHABLE_CODE = YES;
				CLANG_WARN__DUPLICATE_METHOD_MATCH = YES;
				"CODE_SIGN_IDENTITY[sdk=iphoneos*]" = "iPhone Developer";
				COPY_PHASE_STRIP = NO;
				DEBUG_INFORMATION_FORMAT = dwarf;
				ENABLE_STRICT_OBJC_MSGSEND = YES;
				ENABLE_TESTABILITY = YES;
				GCC_C_LANGUAGE_STANDARD = gnu99;
				GCC_DYNAMIC_NO_PIC = NO;
				GCC_NO_COMMON_BLOCKS = YES;
				GCC_OPTIMIZATION_LEVEL = 0;
				GCC_PREPROCESSOR_DEFINITIONS = (
					"DEBUG=1",
					"$(inherited)",
				);
				GCC_WARN_64_TO_32_BIT_CONVERSION = YES;
				GCC_WARN_ABOUT_RETURN_TYPE = YES_ERROR;
				GCC_WARN_UNDECLARED_SELECTOR = YES;
				GCC_WARN_UNINITIALIZED_AUTOS = YES_AGGRESSIVE;
				GCC_WARN_UNUSED_FUNCTION = YES;
				GCC_WARN_UNUSED_VARIABLE = YES;
				IPHONEOS_DEPLOYMENT_TARGET = 10.3;
				MTL_ENABLE_DEBUG_INFO = YES;
				ONLY_ACTIVE_ARCH = YES;
				SDKROOT = iphoneos;
				SWIFT_ACTIVE_COMPILATION_CONDITIONS = DEBUG;
				SWIFT_OPTIMIZATION_LEVEL = "-Onone";
				TARGETED_DEVICE_FAMILY = "1,2";
			};
			name = Debug;
		};
		5E1FAA25E8B1D100B1690C6A /* Debug */ = {
			isa = XCBuildConfiguration;
			buildSettings = {
				ASSETCATALOG_COMPILER_APPICON_NAME = AppIcon;
				INFOPLIST_FILE = appSix/Info.plist;
				LD_RUNPATH_SEARCH_PATHS = "$(inherited) @executable_path/Frameworks";
				PRODUCT_BUNDLE_IDENTIFIER = janc.appSix;
				PRODUCT_NAME = "$(TARGET_NAME)";
				SWIFT_VERSION = 3.1;
			};
			name = Debug;
		};
/* End XCBuildConfiguration section */

/* Begin XCConfigurationList section */
		5E1FA672ACAD34FC4F88ADE9 /* Build configuration list for PBXProject "appSix" */ = {
			isa = XCConfigurationList;
			buildConfigurations = (
				5E1FA99EB777809DA63ED7AA /* Debug */,
				5E1FA44E04488C61683AED22 /* Release */,
			);
			defaultConfigurationIsVisible = 0;
			defaultConfigurationName = Release;
		};
		5E1FAD0F3D9BFE68475CC6AF /* Build configuration list for PBXNativeTarget "appSix" */ = {
			isa = XCConfigurationList;
			buildConfigurations = (
				5E1FAA25E8B1D100B1690C6A /* Debug */,
				5E1FA1C1EB6852988381BBF8 /* Release */,
			);
			defaultConfigurationIsVisible = 0;
			defaultConfigurationName = Release;
		};
/* End XCConfigurationList section */
	};
	rootObject = 5E1FAFC6DC0E3C2A6681CD23 /* Project object */;
}
